
Microsoft Visual Studio Solution File, Format Version 12.00
# Visual Studio Version 16
VisualStudioVersion = 16.0.30114.105
MinimumVisualStudioVersion = 10.0.40219.1
Project("{FAE04EC0-301F-11D3-BF4B-00C04F79EFBC}") = "ProEventos.API", "ProEventos.API\ProEventos.API.csproj", "{5A3FB952-3759-4CC6-8C75-7A4EEB4AE136}"
EndProject
Project("{FAE04EC0-301F-11D3-BF4B-00C04F79EFBC}") = "ProEventos.Infra.Data", "ProEventos.Infra.Data\ProEventos.Infra.Data.csproj", "{BC549D81-F1F1-42E2-B033-85C56717CC36}"
EndProject
Project("{FAE04EC0-301F-11D3-BF4B-00C04F79EFBC}") = "ProEventos.Domain", "ProEventos.Domain\ProEventos.Domain.csproj", "{46BB2D39-D3B8-4BDE-9B3A-B1A5C8AAE409}"
EndProject
Project("{FAE04EC0-301F-11D3-BF4B-00C04F79EFBC}") = "ProEventos.Application", "ProEventos.Application\ProEventos.Application.csproj", "{96045742-1568-4E52-8A9E-53C923352428}"
EndProject
Global
	GlobalSection(SolutionConfigurationPlatforms) = preSolution
		Debug|Any CPU = Debug|Any CPU
		Release|Any CPU = Release|Any CPU
	EndGlobalSection
	GlobalSection(SolutionProperties) = preSolution
		HideSolutionNode = FALSE
	EndGlobalSection
	GlobalSection(ProjectConfigurationPlatforms) = postSolution
		{5A3FB952-3759-4CC6-8C75-7A4EEB4AE136}.Debug|Any CPU.ActiveCfg = Debug|Any CPU
		{5A3FB952-3759-4CC6-8C75-7A4EEB4AE136}.Debug|Any CPU.Build.0 = Debug|Any CPU
		{5A3FB952-3759-4CC6-8C75-7A4EEB4AE136}.Release|Any CPU.ActiveCfg = Release|Any CPU
		{5A3FB952-3759-4CC6-8C75-7A4EEB4AE136}.Release|Any CPU.Build.0 = Release|Any CPU
		{BC549D81-F1F1-42E2-B033-85C56717CC36}.Debug|Any CPU.ActiveCfg = Debug|Any CPU
		{BC549D81-F1F1-42E2-B033-85C56717CC36}.Debug|Any CPU.Build.0 = Debug|Any CPU
		{BC549D81-F1F1-42E2-B033-85C56717CC36}.Release|Any CPU.ActiveCfg = Release|Any CPU
		{BC549D81-F1F1-42E2-B033-85C56717CC36}.Release|Any CPU.Build.0 = Release|Any CPU
		{46BB2D39-D3B8-4BDE-9B3A-B1A5C8AAE409}.Debug|Any CPU.ActiveCfg = Debug|Any CPU
		{46BB2D39-D3B8-4BDE-9B3A-B1A5C8AAE409}.Debug|Any CPU.Build.0 = Debug|Any CPU
		{46BB2D39-D3B8-4BDE-9B3A-B1A5C8AAE409}.Release|Any CPU.ActiveCfg = Release|Any CPU
		{46BB2D39-D3B8-4BDE-9B3A-B1A5C8AAE409}.Release|Any CPU.Build.0 = Release|Any CPU
		{96045742-1568-4E52-8A9E-53C923352428}.Debug|Any CPU.ActiveCfg = Debug|Any CPU
		{96045742-1568-4E52-8A9E-53C923352428}.Debug|Any CPU.Build.0 = Debug|Any CPU
		{96045742-1568-4E52-8A9E-53C923352428}.Release|Any CPU.ActiveCfg = Release|Any CPU
		{96045742-1568-4E52-8A9E-53C923352428}.Release|Any CPU.Build.0 = Release|Any CPU
		{FAB40E03-0067-433D-96CA-C0DB139DB675}.Debug|Any CPU.ActiveCfg = Debug|Any CPU
		{FAB40E03-0067-433D-96CA-C0DB139DB675}.Debug|Any CPU.Build.0 = Debug|Any CPU
		{FAB40E03-0067-433D-96CA-C0DB139DB675}.Release|Any CPU.ActiveCfg = Release|Any CPU
		{FAB40E03-0067-433D-96CA-C0DB139DB675}.Release|Any CPU.Build.0 = Release|Any CPU
		{84E039EC-C73D-4206-A87B-69FC996833A3}.Debug|Any CPU.ActiveCfg = Debug|Any CPU
		{84E039EC-C73D-4206-A87B-69FC996833A3}.Debug|Any CPU.Build.0 = Debug|Any CPU
		{84E039EC-C73D-4206-A87B-69FC996833A3}.Release|Any CPU.ActiveCfg = Release|Any CPU
		{84E039EC-C73D-4206-A87B-69FC996833A3}.Release|Any CPU.Build.0 = Release|Any CPU
	EndGlobalSection
EndGlobal
